
Microsoft Visual Studio Solution File, Format Version 12.00
# Visual Studio Version 16
VisualStudioVersion = 16.0.28917.181
MinimumVisualStudioVersion = 10.0.40219.1
Project("{2150E333-8FDC-42A3-9474-1A3956D46DE8}") = "Solution Items", "Solution Items", "{2061DAAE-9ACC-4D7E-B3C0-6C162D5EC63A}"
	ProjectSection(SolutionItems) = preProject
		appveyor.yml = appveyor.yml
		Directory.Build.props = Directory.Build.props
	EndProjectSection
EndProject
Project("{9A19103F-16F7-4668-BE54-9A1E7A4F7556}") = "Cogito.Extensions.Configuration", "Cogito.Extensions.Configuration\Cogito.Extensions.Configuration.csproj", "{4C2EF537-8558-459C-8A6B-7EC78FD0E3E2}"
EndProject
Project("{9A19103F-16F7-4668-BE54-9A1E7A4F7556}") = "Cogito.Extensions.Configuration.Autofac", "Cogito.Extensions.Configuration.Autofac\Cogito.Extensions.Configuration.Autofac.csproj", "{14FDE748-2B72-4B94-BCA1-FC62A2AAAE88}"
EndProject
Global
	GlobalSection(SolutionConfigurationPlatforms) = preSolution
		Debug|Any CPU = Debug|Any CPU
		Release|Any CPU = Release|Any CPU
	EndGlobalSection
	GlobalSection(ProjectConfigurationPlatforms) = postSolution
		{4C2EF537-8558-459C-8A6B-7EC78FD0E3E2}.Debug|Any CPU.ActiveCfg = Debug|Any CPU
		{4C2EF537-8558-459C-8A6B-7EC78FD0E3E2}.Debug|Any CPU.Build.0 = Debug|Any CPU
		{4C2EF537-8558-459C-8A6B-7EC78FD0E3E2}.Release|Any CPU.ActiveCfg = Release|Any CPU
		{4C2EF537-8558-459C-8A6B-7EC78FD0E3E2}.Release|Any CPU.Build.0 = Release|Any CPU
		{14FDE748-2B72-4B94-BCA1-FC62A2AAAE88}.Debug|Any CPU.ActiveCfg = Debug|Any CPU
		{14FDE748-2B72-4B94-BCA1-FC62A2AAAE88}.Debug|Any CPU.Build.0 = Debug|Any CPU
		{14FDE748-2B72-4B94-BCA1-FC62A2AAAE88}.Release|Any CPU.ActiveCfg = Release|Any CPU
		{14FDE748-2B72-4B94-BCA1-FC62A2AAAE88}.Release|Any CPU.Build.0 = Release|Any CPU
	EndGlobalSection
	GlobalSection(SolutionProperties) = preSolution
		HideSolutionNode = FALSE
	EndGlobalSection
	GlobalSection(ExtensibilityGlobals) = postSolution
		SolutionGuid = {FF4B3820-4206-4316-82A5-DEA5792C6A71}
	EndGlobalSection
EndGlobal
